
Microsoft Visual Studio Solution File, Format Version 12.00
# Visual Studio Version 17
VisualStudioVersion = 17.12.35527.113
MinimumVisualStudioVersion = 10.0.40219.1
Project("{FAE04EC0-301F-11D3-BF4B-00C04F79EFBC}") = "OrderApi.Domain", "OrderApi.Domain\OrderApi.Domain.csproj", "{6DFCC036-8FE2-431B-BC4B-083A94228FB4}"
EndProject
Project("{FAE04EC0-301F-11D3-BF4B-00C04F79EFBC}") = "OrderApi.Application", "OrderApi.Application\OrderApi.Application.csproj", "{DAB93121-A43D-448B-9664-E7A3D2455C4F}"
EndProject
Project("{FAE04EC0-301F-11D3-BF4B-00C04F79EFBC}") = "OrderApi.Infrastructure", "OrderApi.Infrastructure\OrderApi.Infrastructure.csproj", "{1F2BAD22-6B5C-412C-8A5A-18960BDCBB34}"
EndProject
Project("{FAE04EC0-301F-11D3-BF4B-00C04F79EFBC}") = "OrdereApi.presetation", "OrdereApi.presetation\OrdereApi.presetation.csproj", "{3A805103-FC1A-46EC-96C9-C39102B39C04}"
EndProject
Project("{FAE04EC0-301F-11D3-BF4B-00C04F79EFBC}") = "ecommerce.sharedLibrary", "ecommerce.sharedLibrary\ecommerce.sharedLibrary.csproj", "{07592A09-88DE-41A0-89C4-0087EBBA74CE}"
EndProject
Global
	GlobalSection(SolutionConfigurationPlatforms) = preSolution
		Debug|Any CPU = Debug|Any CPU
		Release|Any CPU = Release|Any CPU
	EndGlobalSection
	GlobalSection(ProjectConfigurationPlatforms) = postSolution
		{6DFCC036-8FE2-431B-BC4B-083A94228FB4}.Debug|Any CPU.ActiveCfg = Debug|Any CPU
		{6DFCC036-8FE2-431B-BC4B-083A94228FB4}.Debug|Any CPU.Build.0 = Debug|Any CPU
		{6DFCC036-8FE2-431B-BC4B-083A94228FB4}.Release|Any CPU.ActiveCfg = Release|Any CPU
		{6DFCC036-8FE2-431B-BC4B-083A94228FB4}.Release|Any CPU.Build.0 = Release|Any CPU
		{DAB93121-A43D-448B-9664-E7A3D2455C4F}.Debug|Any CPU.ActiveCfg = Debug|Any CPU
		{DAB93121-A43D-448B-9664-E7A3D2455C4F}.Debug|Any CPU.Build.0 = Debug|Any CPU
		{DAB93121-A43D-448B-9664-E7A3D2455C4F}.Release|Any CPU.ActiveCfg = Release|Any CPU
		{DAB93121-A43D-448B-9664-E7A3D2455C4F}.Release|Any CPU.Build.0 = Release|Any CPU
		{1F2BAD22-6B5C-412C-8A5A-18960BDCBB34}.Debug|Any CPU.ActiveCfg = Debug|Any CPU
		{1F2BAD22-6B5C-412C-8A5A-18960BDCBB34}.Debug|Any CPU.Build.0 = Debug|Any CPU
		{1F2BAD22-6B5C-412C-8A5A-18960BDCBB34}.Release|Any CPU.ActiveCfg = Release|Any CPU
		{1F2BAD22-6B5C-412C-8A5A-18960BDCBB34}.Release|Any CPU.Build.0 = Release|Any CPU
		{3A805103-FC1A-46EC-96C9-C39102B39C04}.Debug|Any CPU.ActiveCfg = Debug|Any CPU
		{3A805103-FC1A-46EC-96C9-C39102B39C04}.Debug|Any CPU.Build.0 = Debug|Any CPU
		{3A805103-FC1A-46EC-96C9-C39102B39C04}.Release|Any CPU.ActiveCfg = Release|Any CPU
		{3A805103-FC1A-46EC-96C9-C39102B39C04}.Release|Any CPU.Build.0 = Release|Any CPU
		{07592A09-88DE-41A0-89C4-0087EBBA74CE}.Debug|Any CPU.ActiveCfg = Debug|Any CPU
		{07592A09-88DE-41A0-89C4-0087EBBA74CE}.Debug|Any CPU.Build.0 = Debug|Any CPU
		{07592A09-88DE-41A0-89C4-0087EBBA74CE}.Release|Any CPU.ActiveCfg = Release|Any CPU
		{07592A09-88DE-41A0-89C4-0087EBBA74CE}.Release|Any CPU.Build.0 = Release|Any CPU
	EndGlobalSection
	GlobalSection(SolutionProperties) = preSolution
		HideSolutionNode = FALSE
	EndGlobalSection
EndGlobal
